{
  "name": "SOLA_MATERIA",
  "lockfileVersion": 2,
  "requires": true,
  "packages": {
    "": {
      "dependencies": {
        "list.js": "^2.3.1",
        "spectre.css": "^0.5.9"
      }
    },
    "node_modules/list.js": {
      "version": "2.3.1",
      "resolved": "https://registry.npmjs.org/list.js/-/list.js-2.3.1.tgz",
      "integrity": "sha512-jnmm7DYpKtH3DxtO1E2VNCC9Gp7Wrp/FWA2JxQrZUhVJ2RCQBd57pCN6W5w6jpsfWZV0PCAbTX2NOPgyFeeZZg==",
      "dependencies": {
        "string-natural-compare": "^2.0.2"
      },
      "engines": {
        "node": "^6.0 || ^8.0 || ^10.0 || ^12.0 || >=14"
      }
    },
    "node_modules/spectre.css": {
      "version": "0.5.9",
      "resolved": "https://registry.npmjs.org/spectre.css/-/spectre.css-0.5.9.tgz",
      "integrity": "sha512-9jUqwZmCnvflrxFGcK+ize43TvjwDjqMwZPVubEtSIHzvinH0TBUESm1LcOJx3Ur7bdPaeOHQIjOqBl1Y5kLFw=="
    },
    "node_modules/string-natural-compare": {
      "version": "2.0.3",
      "resolved": "https://registry.npmjs.org/string-natural-compare/-/string-natural-compare-2.0.3.tgz",
      "integrity": "sha512-4Kcl12rNjc+6EKhY8QyDVuQTAlMWwRiNbsxnVwBUKFr7dYPQuXVrtNU4sEkjF9LHY0AY6uVbB3ktbkIH4LC+BQ=="
    }
  },
  "dependencies": {
    "list.js": {
      "version": "2.3.1",
      "resolved": "https://registry.npmjs.org/list.js/-/list.js-2.3.1.tgz",
      "integrity": "sha512-jnmm7DYpKtH3DxtO1E2VNCC9Gp7Wrp/FWA2JxQrZUhVJ2RCQBd57pCN6W5w6jpsfWZV0PCAbTX2NOPgyFeeZZg==",
      "requires": {
        "string-natural-compare": "^2.0.2"
      }
    },
    "spectre.css": {
      "version": "0.5.9",
      "resolved": "https://registry.npmjs.org/spectre.css/-/spectre.css-0.5.9.tgz",
      "integrity": "sha512-9jUqwZmCnvflrxFGcK+ize43TvjwDjqMwZPVubEtSIHzvinH0TBUESm1LcOJx3Ur7bdPaeOHQIjOqBl1Y5kLFw=="
    },
    "string-natural-compare": {
      "version": "2.0.3",
      "resolved": "https://registry.npmjs.org/string-natural-compare/-/string-natural-compare-2.0.3.tgz",
      "integrity": "sha512-4Kcl12rNjc+6EKhY8QyDVuQTAlMWwRiNbsxnVwBUKFr7dYPQuXVrtNU4sEkjF9LHY0AY6uVbB3ktbkIH4LC+BQ=="
    }
  }
}
